// !$*UTF8*$!
{
	archiveVersion = 1;
	classes = {
	};
	objectVersion = 50;
	objects = {

/* Begin PBXBuildFile section */
		AA026AFE26CFD1D4005526C0 /* AppDelegate.swift in Sources */ = {isa = PBXBuildFile; fileRef = AA026AFD26CFD1D4005526C0 /* AppDelegate.swift */; };
		AA026B0026CFD1D4005526C0 /* ViewController.swift in Sources */ = {isa = PBXBuildFile; fileRef = AA026AFF26CFD1D4005526C0 /* ViewController.swift */; };
		AA026B0326CFD1D4005526C0 /* Main.storyboard in Resources */ = {isa = PBXBuildFile; fileRef = AA026B0126CFD1D4005526C0 /* Main.storyboard */; };
		AA026B0626CFD1D4005526C0 /* proektAMU.xcdatamodeld in Sources */ = {isa = PBXBuildFile; fileRef = AA026B0426CFD1D4005526C0 /* proektAMU.xcdatamodeld */; };
		AA026B0826CFD1F8005526C0 /* Assets.xcassets in Resources */ = {isa = PBXBuildFile; fileRef = AA026B0726CFD1F8005526C0 /* Assets.xcassets */; };
		AA026B0B26CFD1F8005526C0 /* LaunchScreen.storyboard in Resources */ = {isa = PBXBuildFile; fileRef = AA026B0926CFD1F8005526C0 /* LaunchScreen.storyboard */; };
/* End PBXBuildFile section */

/* Begin PBXFileReference section */
		AA026AFA26CFD1D4005526C0 /* proektAMU.app */ = {isa = PBXFileReference; explicitFileType = wrapper.application; includeInIndex = 0; path = proektAMU.app; sourceTree = BUILT_PRODUCTS_DIR; };
		AA026AFD26CFD1D4005526C0 /* AppDelegate.swift */ = {isa = PBXFileReference; lastKnownFileType = sourcecode.swift; path = AppDelegate.swift; sourceTree = "<group>"; };
		AA026AFF26CFD1D4005526C0 /* ViewController.swift */ = {isa = PBXFileReference; lastKnownFileType = sourcecode.swift; path = ViewController.swift; sourceTree = "<group>"; };
		AA026B0226CFD1D4005526C0 /* Base */ = {isa = PBXFileReference; lastKnownFileType = file.storyboard; name = Base; path = Base.lproj/Main.storyboard; sourceTree = "<group>"; };
		AA026B0526CFD1D4005526C0 /* proektAMU.xcdatamodel */ = {isa = PBXFileReference; lastKnownFileType = wrapper.xcdatamodel; path = proektAMU.xcdatamodel; sourceTree = "<group>"; };
		AA026B0726CFD1F8005526C0 /* Assets.xcassets */ = {isa = PBXFileReference; lastKnownFileType = folder.assetcatalog; path = Assets.xcassets; sourceTree = "<group>"; };
		AA026B0A26CFD1F8005526C0 /* Base */ = {isa = PBXFileReference; lastKnownFileType = file.storyboard; name = Base; path = Base.lproj/LaunchScreen.storyboard; sourceTree = "<group>"; };
		AA026B0C26CFD1F8005526C0 /* Info.plist */ = {isa = PBXFileReference; lastKnownFileType = text.plist.xml; path = Info.plist; sourceTree = "<group>"; };
/* End PBXFileReference section */

/* Begin PBXFrameworksBuildPhase section */
		AA026AF726CFD1D3005526C0 /* Frameworks */ = {
			isa = PBXFrameworksBuildPhase;
			buildActionMask = 2147483647;
			files = (
			);
			runOnlyForDeploymentPostprocessing = 0;
		};
/* End PBXFrameworksBuildPhase section */

/* Begin PBXGroup section */
		AA026AF126CFD1D3005526C0 = {
			isa = PBXGroup;
			children = (
				AA026AFC26CFD1D4005526C0 /* proektAMU */,
				AA026AFB26CFD1D4005526C0 /* Products */,
			);
			sourceTree = "<group>";
		};
		AA026AFB26CFD1D4005526C0 /* Products */ = {
			isa = PBXGroup;
			children = (
				AA026AFA26CFD1D4005526C0 /* proektAMU.app */,
			);
			name = Products;
			sourceTree = "<group>";
		};
		AA026AFC26CFD1D4005526C0 /* proektAMU */ = {
			isa = PBXGroup;
			children = (
				AA026AFD26CFD1D4005526C0 /* AppDelegate.swift */,
				AA026AFF26CFD1D4005526C0 /* ViewController.swift */,
				AA026B0126CFD1D4005526C0 /* Main.storyboard */,
				AA026B0726CFD1F8005526C0 /* Assets.xcassets */,
				AA026B0926CFD1F8005526C0 /* LaunchScreen.storyboard */,
				AA026B0C26CFD1F8005526C0 /* Info.plist */,
				AA026B0426CFD1D4005526C0 /* proektAMU.xcdatamodeld */,
			);
			path = proektAMU;
			sourceTree = "<group>";
		};
/* End PBXGroup section */

/* Begin PBXNativeTarget section */
		AA026AF926CFD1D3005526C0 /* proektAMU */ = {
			isa = PBXNativeTarget;
			buildConfigurationList = AA026B0F26CFD1F8005526C0 /* Build configuration list for PBXNativeTarget "proektAMU" */;
			buildPhases = (
				AA026AF626CFD1D3005526C0 /* Sources */,
				AA026AF726CFD1D3005526C0 /* Frameworks */,
				AA026AF826CFD1D3005526C0 /* Resources */,
			);
			buildRules = (
			);
			dependencies = (
			);
			name = proektAMU;
			productName = proektAMU;
			productReference = AA026AFA26CFD1D4005526C0 /* proektAMU.app */;
			productType = "com.apple.product-type.application";
		};
/* End PBXNativeTarget section */

/* Begin PBXProject section */
		AA026AF226CFD1D3005526C0 /* Project object */ = {
			isa = PBXProject;
			attributes = {
				LastSwiftUpdateCheck = 1010;
				LastUpgradeCheck = 1010;
				ORGANIZATIONNAME = "Sara Stojanoska";
				TargetAttributes = {
					AA026AF926CFD1D3005526C0 = {
						CreatedOnToolsVersion = 10.1;
					};
				};
			};
			buildConfigurationList = AA026AF526CFD1D3005526C0 /* Build configuration list for PBXProject "proektAMU" */;
			compatibilityVersion = "Xcode 9.3";
			developmentRegion = en;
			hasScannedForEncodings = 0;
			knownRegions = (
				en,
				Base,
			);
			mainGroup = AA026AF126CFD1D3005526C0;
			productRefGroup = AA026AFB26CFD1D4005526C0 /* Products */;
			projectDirPath = "";
			projectRoot = "";
			targets = (
				AA026AF926CFD1D3005526C0 /* proektAMU */,
			);
		};
/* End PBXProject section */

/* Begin PBXResourcesBuildPhase section */
		AA026AF826CFD1D3005526C0 /* Resources */ = {
			isa = PBXResourcesBuildPhase;
			buildActionMask = 2147483647;
			files = (
				AA026B0B26CFD1F8005526C0 /* LaunchScreen.storyboard in Resources */,
				AA026B0826CFD1F8005526C0 /* Assets.xcassets in Resources */,
				AA026B0326CFD1D4005526C0 /* Main.storyboard in Resources */,
			);
			runOnlyForDeploymentPostprocessing = 0;
		};
/* End PBXResourcesBuildPhase section */

/* Begin PBXSourcesBuildPhase section */
		AA026AF626CFD1D3005526C0 /* Sources */ = {
			isa = PBXSourcesBuildPhase;
			buildActionMask = 2147483647;
			files = (
				AA026B0626CFD1D4005526C0 /* proektAMU.xcdatamodeld in Sources */,
				AA026B0026CFD1D4005526C0 /* ViewController.swift in Sources */,
				AA026AFE26CFD1D4005526C0 /* AppDelegate.swift in Sources */,
			);
			runOnlyForDeploymentPostprocessing = 0;
		};
/* End PBXSourcesBuildPhase section */

/* Begin PBXVariantGroup section */
		AA026B0126CFD1D4005526C0 /* Main.storyboard */ = {
			isa = PBXVariantGroup;
			children = (
				AA026B0226CFD1D4005526C0 /* Base */,
			);
			name = Main.storyboard;
			sourceTree = "<group>";
		};
		AA026B0926CFD1F8005526C0 /* LaunchScreen.storyboard */ = {
			isa = PBXVariantGroup;
			children = (
				AA026B0A26CFD1F8005526C0 /* Base */,
			);
			name = LaunchScreen.storyboard;
			sourceTree = "<group>";
		};
/* End PBXVariantGroup section */

/* Begin XCBuildConfiguration section */
		AA026B0D26CFD1F8005526C0 /* Debug */ = {
			isa = XCBuildConfiguration;
			buildSettings = {
				ALWAYS_SEARCH_USER_PATHS = NO;
				CLANG_ANALYZER_NONNULL = YES;
				CLANG_ANALYZER_NUMBER_OBJECT_CONVERSION = YES_AGGRESSIVE;
				CLANG_CXX_LANGUAGE_STANDARD = "gnu++14";
				CLANG_CXX_LIBRARY = "libc++";
				CLANG_ENABLE_MODULES = YES;
				CLANG_ENABLE_OBJC_ARC = YES;
				CLANG_ENABLE_OBJC_WEAK = YES;
				CLANG_WARN_BLOCK_CAPTURE_AUTORELEASING = YES;
				CLANG_WARN_BOOL_CONVERSION = YES;
				CLANG_WARN_COMMA = YES;
				CLANG_WARN_CONSTANT_CONVERSION = YES;
				CLANG_WARN_DEPRECATED_OBJC_IMPLEMENTATIONS = YES;
				CLANG_WARN_DIRECT_OBJC_ISA_USAGE = YES_ERROR;
				CLANG_WARN_DOCUMENTATION_COMMENTS = YES;
				CLANG_WARN_EMPTY_BODY = YES;
				CLANG_WARN_ENUM_CONVERSION = YES;
				CLANG_WARN_INFINITE_RECURSION = YES;
				CLANG_WARN_INT_CONVERSION = YES;
				CLANG_WARN_NON_LITERAL_NULL_CONVERSION = YES;
				CLANG_WARN_OBJC_IMPLICIT_RETAIN_SELF = YES;
				CLANG_WARN_OBJC_LITERAL_CONVERSION = YES;
				CLANG_WARN_OBJC_ROOT_CLASS = YES_ERROR;
				CLANG_WARN_RANGE_LOOP_ANALYSIS = YES;
				CLANG_WARN_STRICT_PROTOTYPES = YES;
				CLANG_WARN_SUSPICIOUS_MOVE = YES;
				CLANG_WARN_UNGUARDED_AVAILABILITY = YES_AGGRESSIVE;
				CLANG_WARN_UNREACHABLE_CODE = YES;
				CLANG_WARN__DUPLICATE_METHOD_MATCH = YES;
				CODE_SIGN_IDENTITY = "iPhone Developer";
				COPY_PHASE_STRIP = NO;
				DEBUG_INFORMATION_FORMAT = dwarf;
				ENABLE_STRICT_OBJC_MSGSEND = YES;
				ENABLE_TESTABILITY = YES;
				GCC_C_LANGUAGE_STANDARD = gnu11;
				GCC_DYNAMIC_NO_PIC = NO;
				GCC_NO_COMMON_BLOCKS = YES;
				GCC_OPTIMIZATION_LEVEL = 0;
				GCC_PREPROCESSOR_DEFINITIONS = (
					"DEBUG=1",
					"$(inherited)",
				);
				GCC_WARN_64_TO_32_BIT_CONVERSION = YES;
				GCC_WARN_ABOUT_RETURN_TYPE = YES_ERROR;
				GCC_WARN_UNDECLARED_SELECTOR = YES;
				GCC_WARN_UNINITIALIZED_AUTOS = YES_AGGRESSIVE;
				GCC_WARN_UNUSED_FUNCTION = YES;
				GCC_WARN_UNUSED_VARIABLE = YES;
				IPHONEOS_DEPLOYMENT_TARGET = 12.1;
				MTL_ENABLE_DEBUG_INFO = INCLUDE_SOURCE;
				MTL_FAST_MATH = YES;
				ONLY_ACTIVE_ARCH = YES;
				SDKROOT = iphoneos;
				SWIFT_ACTIVE_COMPILATION_CONDITIONS = DEBUG;
				SWIFT_OPTIMIZATION_LEVEL = "-Onone";
			};
			name = Debug;
		};
		AA026B0E26CFD1F8005526C0 /* Release */ = {
			isa = XCBuildConfiguration;
			buildSettings = {
				ALWAYS_SEARCH_USER_PATHS = NO;
				CLANG_ANALYZER_NONNULL = YES;
				CLANG_ANALYZER_NUMBER_OBJECT_CONVERSION = YES_AGGRESSIVE;
				CLANG_CXX_LANGUAGE_STANDARD = "gnu++14";
				CLANG_CXX_LIBRARY = "libc++";
				CLANG_ENABLE_MODULES = YES;
				CLANG_ENABLE_OBJC_ARC = YES;
				CLANG_ENABLE_OBJC_WEAK = YES;
				CLANG_WARN_BLOCK_CAPTURE_AUTORELEASING = YES;
				CLANG_WARN_BOOL_CONVERSION = YES;
				CLANG_WARN_COMMA = YES;
				CLANG_WARN_CONSTANT_CONVERSION = YES;
				CLANG_WARN_DEPRECATED_OBJC_IMPLEMENTATIONS = YES;
				CLANG_WARN_DIRECT_OBJC_ISA_USAGE = YES_ERROR;
				CLANG_WARN_DOCUMENTATION_COMMENTS = YES;
				CLANG_WARN_EMPTY_BODY = YES;
				CLANG_WARN_ENUM_CONVERSION = YES;
				CLANG_WARN_INFINITE_RECURSION = YES;
				CLANG_WARN_INT_CONVERSION = YES;
				CLANG_WARN_NON_LITERAL_NULL_CONVERSION = YES;
				CLANG_WARN_OBJC_IMPLICIT_RETAIN_SELF = YES;
				CLANG_WARN_OBJC_LITERAL_CONVERSION = YES;
				CLANG_WARN_OBJC_ROOT_CLASS = YES_ERROR;
				CLANG_WARN_RANGE_LOOP_ANALYSIS = YES;
				CLANG_WARN_STRICT_PROTOTYPES = YES;
				CLANG_WARN_SUSPICIOUS_MOVE = YES;
				CLANG_WARN_UNGUARDED_AVAILABILITY = YES_AGGRESSIVE;
				CLANG_WARN_UNREACHABLE_CODE = YES;
				CLANG_WARN__DUPLICATE_METHOD_MATCH = YES;
				CODE_SIGN_IDENTITY = "iPhone Developer";
				COPY_PHASE_STRIP = NO;
				DEBUG_INFORMATION_FORMAT = "dwarf-with-dsym";
				ENABLE_NS_ASSERTIONS = NO;
				ENABLE_STRICT_OBJC_MSGSEND = YES;
				GCC_C_LANGUAGE_STANDARD = gnu11;
				GCC_NO_COMMON_BLOCKS = YES;
				GCC_WARN_64_TO_32_BIT_CONVERSION = YES;
				GCC_WARN_ABOUT_RETURN_TYPE = YES_ERROR;
				GCC_WARN_UNDECLARED_SELECTOR = YES;
				GCC_WARN_UNINITIALIZED_AUTOS = YES_AGGRESSIVE;
				GCC_WARN_UNUSED_FUNCTION = YES;
				GCC_WARN_UNUSED_VARIABLE = YES;
				IPHONEOS_DEPLOYMENT_TARGET = 12.1;
				MTL_ENABLE_DEBUG_INFO = NO;
				MTL_FAST_MATH = YES;
				SDKROOT = iphoneos;
				SWIFT_COMPILATION_MODE = wholemodule;
				SWIFT_OPTIMIZATION_LEVEL = "-O";
				VALIDATE_PRODUCT = YES;
			};
			name = Release;
		};
		AA026B1026CFD1F8005526C0 /* Debug */ = {
			isa = XCBuildConfiguration;
			buildSettings = {
				ASSETCATALOG_COMPILER_APPICON_NAME = AppIcon;
				CODE_SIGN_STYLE = Automatic;
				DEVELOPMENT_TEAM = NYSAHSJTFX;
				INFOPLIST_FILE = proektAMU/Info.plist;
				LD_RUNPATH_SEARCH_PATHS = (
					"$(inherited)",
					"@executable_path/Frameworks",
				);
				PRODUCT_BUNDLE_IDENTIFIER = amu.proektAMU;
				PRODUCT_NAME = "$(TARGET_NAME)";
				SWIFT_VERSION = 4.2;
				TARGETED_DEVICE_FAMILY = "1,2";
			};
			name = Debug;
		};
		AA026B1126CFD1F8005526C0 /* Release */ = {
			isa = XCBuildConfiguration;
			buildSettings = {
				ASSETCATALOG_COMPILER_APPICON_NAME = AppIcon;
				CODE_SIGN_STYLE = Automatic;
				DEVELOPMENT_TEAM = NYSAHSJTFX;
				INFOPLIST_FILE = proektAMU/Info.plist;
				LD_RUNPATH_SEARCH_PATHS = (
					"$(inherited)",
					"@executable_path/Frameworks",
				);
				PRODUCT_BUNDLE_IDENTIFIER = amu.proektAMU;
				PRODUCT_NAME = "$(TARGET_NAME)";
				SWIFT_VERSION = 4.2;
				TARGETED_DEVICE_FAMILY = "1,2";
			};
			name = Release;
		};
/* End XCBuildConfiguration section */

/* Begin XCConfigurationList section */
		AA026AF526CFD1D3005526C0 /* Build configuration list for PBXProject "proektAMU" */ = {
			isa = XCConfigurationList;
			buildConfigurations = (
				AA026B0D26CFD1F8005526C0 /* Debug */,
				AA026B0E26CFD1F8005526C0 /* Release */,
			);
			defaultConfigurationIsVisible = 0;
			defaultConfigurationName = Release;
		};
		AA026B0F26CFD1F8005526C0 /* Build configuration list for PBXNativeTarget "proektAMU" */ = {
			isa = XCConfigurationList;
			buildConfigurations = (
				AA026B1026CFD1F8005526C0 /* Debug */,
				AA026B1126CFD1F8005526C0 /* Release */,
			);
			defaultConfigurationIsVisible = 0;
			defaultConfigurationName = Release;
		};
/* End XCConfigurationList section */

/* Begin XCVersionGroup section */
		AA026B0426CFD1D4005526C0 /* proektAMU.xcdatamodeld */ = {
			isa = XCVersionGroup;
			children = (
				AA026B0526CFD1D4005526C0 /* proektAMU.xcdatamodel */,
			);
			currentVersion = AA026B0526CFD1D4005526C0 /* proektAMU.xcdatamodel */;
			path = proektAMU.xcdatamodeld;
			sourceTree = "<group>";
			versionGroupType = wrapper.xcdatamodel;
		};
/* End XCVersionGroup section */
	};
	rootObject = AA026AF226CFD1D3005526C0 /* Project object */;
}
